
Microsoft Visual Studio Solution File, Format Version 12.00
# Visual Studio Version 18
VisualStudioVersion = 18.0.31903.59
MinimumVisualStudioVersion = 10.0.40219.1
Project("{FAE04EC0-301F-11D3-BF4B-00C04F79EFBC}") = "Schema", "Schema\Schema.csproj", "{7B71925E-BCFB-4B23-AA52-0AFB899D0490}"
EndProject
Project("{FAE04EC0-301F-11D3-BF4B-00C04F79EFBC}") = "SchemaQuench", "SchemaQuench\SchemaQuench.csproj", "{1FA3EE7A-C03A-48EA-A2BC-12DCB26E1333}"
EndProject
Project("{FAE04EC0-301F-11D3-BF4B-00C04F79EFBC}") = "SchemaTongs", "SchemaTongs\SchemaTongs.csproj", "{80D2A8E5-E7C1-4899-BB90-21C1CEE85C3D}"
EndProject
Project("{FAE04EC0-301F-11D3-BF4B-00C04F79EFBC}") = "DataTongs", "DataTongs\DataTongs.csproj", "{98BFB960-B1C0-439D-97D5-A17B06C630B4}"
EndProject
Project("{2150E333-8FDC-42A3-9474-1A3956D46DE8}") = "Tests", "Tests", "{A1B2C3D4-E5F6-7890-ABCD-EF1234567890}"
EndProject
Project("{FAE04EC0-301F-11D3-BF4B-00C04F79EFBC}") = "Schema.UnitTests", "Schema\Schema.UnitTests\Schema.UnitTests.csproj", "{372D9249-D9CF-4E3C-B39E-82E04DF2194A}"
EndProject
Project("{FAE04EC0-301F-11D3-BF4B-00C04F79EFBC}") = "Schema.IntegrationTests", "Schema\Schema.IntegrationTests\Schema.IntegrationTests.csproj", "{5985AC27-9B02-4F3C-8467-46E2ED200D93}"
EndProject
Project("{FAE04EC0-301F-11D3-BF4B-00C04F79EFBC}") = "SchemaQuench.UnitTests", "SchemaQuench\SchemaQuench.UnitTests\SchemaQuench.UnitTests.csproj", "{3680F1FB-DBE4-4DA4-BFCA-25188EFFE98C}"
EndProject
Project("{FAE04EC0-301F-11D3-BF4B-00C04F79EFBC}") = "SchemaQuench.IntegrationTests", "SchemaQuench\SchemaQuench.IntegrationTests\SchemaQuench.IntegrationTests.csproj", "{1916A08A-4630-4B8D-9B12-E9FA4BDA0F1D}"
EndProject
Project("{FAE04EC0-301F-11D3-BF4B-00C04F79EFBC}") = "SchemaTongs.UnitTests", "SchemaTongs\SchemaTongs.UnitTests\SchemaTongs.UnitTests.csproj", "{DCBE5CAC-9E12-4BE2-81A2-293D008E4009}"
EndProject
Project("{FAE04EC0-301F-11D3-BF4B-00C04F79EFBC}") = "SchemaTongs.IntegrationTests", "SchemaTongs\SchemaTongs.IntegrationTests\SchemaTongs.IntegrationTests.csproj", "{C1B02FA9-2566-4E33-8B55-D5AAC1D00B02}"
EndProject
Project("{FAE04EC0-301F-11D3-BF4B-00C04F79EFBC}") = "DataTongs.UnitTests", "DataTongs\DataTongs.UnitTests\DataTongs.UnitTests.csproj", "{2490AC81-ACBF-43B4-8003-4C198AEAD1EB}"
EndProject
Project("{FAE04EC0-301F-11D3-BF4B-00C04F79EFBC}") = "DataTongs.IntegrationTests", "DataTongs\DataTongs.IntegrationTests\DataTongs.IntegrationTests.csproj", "{EDD1CBE8-6F7E-440F-9A52-8723C29295D4}"
EndProject
Global
	GlobalSection(SolutionConfigurationPlatforms) = preSolution
		Debug|Any CPU = Debug|Any CPU
		Debug|x64 = Debug|x64
		Debug|x86 = Debug|x86
		Release|Any CPU = Release|Any CPU
		Release|x64 = Release|x64
		Release|x86 = Release|x86
	EndGlobalSection
	GlobalSection(ProjectConfigurationPlatforms) = postSolution
		{7B71925E-BCFB-4B23-AA52-0AFB899D0490}.Debug|Any CPU.ActiveCfg = Debug|Any CPU
		{7B71925E-BCFB-4B23-AA52-0AFB899D0490}.Debug|Any CPU.Build.0 = Debug|Any CPU
		{7B71925E-BCFB-4B23-AA52-0AFB899D0490}.Debug|x64.ActiveCfg = Debug|Any CPU
		{7B71925E-BCFB-4B23-AA52-0AFB899D0490}.Debug|x64.Build.0 = Debug|Any CPU
		{7B71925E-BCFB-4B23-AA52-0AFB899D0490}.Debug|x86.ActiveCfg = Debug|Any CPU
		{7B71925E-BCFB-4B23-AA52-0AFB899D0490}.Debug|x86.Build.0 = Debug|Any CPU
		{7B71925E-BCFB-4B23-AA52-0AFB899D0490}.Release|Any CPU.ActiveCfg = Release|Any CPU
		{7B71925E-BCFB-4B23-AA52-0AFB899D0490}.Release|Any CPU.Build.0 = Release|Any CPU
		{7B71925E-BCFB-4B23-AA52-0AFB899D0490}.Release|x64.ActiveCfg = Release|Any CPU
		{7B71925E-BCFB-4B23-AA52-0AFB899D0490}.Release|x64.Build.0 = Release|Any CPU
		{7B71925E-BCFB-4B23-AA52-0AFB899D0490}.Release|x86.ActiveCfg = Release|Any CPU
		{7B71925E-BCFB-4B23-AA52-0AFB899D0490}.Release|x86.Build.0 = Release|Any CPU
		{1FA3EE7A-C03A-48EA-A2BC-12DCB26E1333}.Debug|Any CPU.ActiveCfg = Debug|Any CPU
		{1FA3EE7A-C03A-48EA-A2BC-12DCB26E1333}.Debug|Any CPU.Build.0 = Debug|Any CPU
		{1FA3EE7A-C03A-48EA-A2BC-12DCB26E1333}.Debug|x64.ActiveCfg = Debug|Any CPU
		{1FA3EE7A-C03A-48EA-A2BC-12DCB26E1333}.Debug|x64.Build.0 = Debug|Any CPU
		{1FA3EE7A-C03A-48EA-A2BC-12DCB26E1333}.Debug|x86.ActiveCfg = Debug|Any CPU
		{1FA3EE7A-C03A-48EA-A2BC-12DCB26E1333}.Debug|x86.Build.0 = Debug|Any CPU
		{1FA3EE7A-C03A-48EA-A2BC-12DCB26E1333}.Release|Any CPU.ActiveCfg = Release|Any CPU
		{1FA3EE7A-C03A-48EA-A2BC-12DCB26E1333}.Release|Any CPU.Build.0 = Release|Any CPU
		{1FA3EE7A-C03A-48EA-A2BC-12DCB26E1333}.Release|x64.ActiveCfg = Release|Any CPU
		{1FA3EE7A-C03A-48EA-A2BC-12DCB26E1333}.Release|x64.Build.0 = Release|Any CPU
		{1FA3EE7A-C03A-48EA-A2BC-12DCB26E1333}.Release|x86.ActiveCfg = Release|Any CPU
		{1FA3EE7A-C03A-48EA-A2BC-12DCB26E1333}.Release|x86.Build.0 = Release|Any CPU
		{80D2A8E5-E7C1-4899-BB90-21C1CEE85C3D}.Debug|Any CPU.ActiveCfg = Debug|Any CPU
		{80D2A8E5-E7C1-4899-BB90-21C1CEE85C3D}.Debug|Any CPU.Build.0 = Debug|Any CPU
		{80D2A8E5-E7C1-4899-BB90-21C1CEE85C3D}.Debug|x64.ActiveCfg = Debug|Any CPU
		{80D2A8E5-E7C1-4899-BB90-21C1CEE85C3D}.Debug|x64.Build.0 = Debug|Any CPU
		{80D2A8E5-E7C1-4899-BB90-21C1CEE85C3D}.Debug|x86.ActiveCfg = Debug|Any CPU
		{80D2A8E5-E7C1-4899-BB90-21C1CEE85C3D}.Debug|x86.Build.0 = Debug|Any CPU
		{80D2A8E5-E7C1-4899-BB90-21C1CEE85C3D}.Release|Any CPU.ActiveCfg = Release|Any CPU
		{80D2A8E5-E7C1-4899-BB90-21C1CEE85C3D}.Release|Any CPU.Build.0 = Release|Any CPU
		{80D2A8E5-E7C1-4899-BB90-21C1CEE85C3D}.Release|x64.ActiveCfg = Release|Any CPU
		{80D2A8E5-E7C1-4899-BB90-21C1CEE85C3D}.Release|x64.Build.0 = Release|Any CPU
		{80D2A8E5-E7C1-4899-BB90-21C1CEE85C3D}.Release|x86.ActiveCfg = Release|Any CPU
		{80D2A8E5-E7C1-4899-BB90-21C1CEE85C3D}.Release|x86.Build.0 = Release|Any CPU
		{98BFB960-B1C0-439D-97D5-A17B06C630B4}.Debug|Any CPU.ActiveCfg = Debug|Any CPU
		{98BFB960-B1C0-439D-97D5-A17B06C630B4}.Debug|Any CPU.Build.0 = Debug|Any CPU
		{98BFB960-B1C0-439D-97D5-A17B06C630B4}.Debug|x64.ActiveCfg = Debug|Any CPU
		{98BFB960-B1C0-439D-97D5-A17B06C630B4}.Debug|x64.Build.0 = Debug|Any CPU
		{98BFB960-B1C0-439D-97D5-A17B06C630B4}.Debug|x86.ActiveCfg = Debug|Any CPU
		{98BFB960-B1C0-439D-97D5-A17B06C630B4}.Debug|x86.Build.0 = Debug|Any CPU
		{98BFB960-B1C0-439D-97D5-A17B06C630B4}.Release|Any CPU.ActiveCfg = Release|Any CPU
		{98BFB960-B1C0-439D-97D5-A17B06C630B4}.Release|Any CPU.Build.0 = Release|Any CPU
		{98BFB960-B1C0-439D-97D5-A17B06C630B4}.Release|x64.ActiveCfg = Release|Any CPU
		{98BFB960-B1C0-439D-97D5-A17B06C630B4}.Release|x64.Build.0 = Release|Any CPU
		{98BFB960-B1C0-439D-97D5-A17B06C630B4}.Release|x86.ActiveCfg = Release|Any CPU
		{98BFB960-B1C0-439D-97D5-A17B06C630B4}.Release|x86.Build.0 = Release|Any CPU
		{372D9249-D9CF-4E3C-B39E-82E04DF2194A}.Debug|Any CPU.ActiveCfg = Debug|Any CPU
		{372D9249-D9CF-4E3C-B39E-82E04DF2194A}.Debug|Any CPU.Build.0 = Debug|Any CPU
		{372D9249-D9CF-4E3C-B39E-82E04DF2194A}.Debug|x64.ActiveCfg = Debug|Any CPU
		{372D9249-D9CF-4E3C-B39E-82E04DF2194A}.Debug|x64.Build.0 = Debug|Any CPU
		{372D9249-D9CF-4E3C-B39E-82E04DF2194A}.Debug|x86.ActiveCfg = Debug|Any CPU
		{372D9249-D9CF-4E3C-B39E-82E04DF2194A}.Debug|x86.Build.0 = Debug|Any CPU
		{372D9249-D9CF-4E3C-B39E-82E04DF2194A}.Release|Any CPU.ActiveCfg = Release|Any CPU
		{372D9249-D9CF-4E3C-B39E-82E04DF2194A}.Release|Any CPU.Build.0 = Release|Any CPU
		{372D9249-D9CF-4E3C-B39E-82E04DF2194A}.Release|x64.ActiveCfg = Release|Any CPU
		{372D9249-D9CF-4E3C-B39E-82E04DF2194A}.Release|x64.Build.0 = Release|Any CPU
		{372D9249-D9CF-4E3C-B39E-82E04DF2194A}.Release|x86.ActiveCfg = Release|Any CPU
		{372D9249-D9CF-4E3C-B39E-82E04DF2194A}.Release|x86.Build.0 = Release|Any CPU
		{5985AC27-9B02-4F3C-8467-46E2ED200D93}.Debug|Any CPU.ActiveCfg = Debug|Any CPU
		{5985AC27-9B02-4F3C-8467-46E2ED200D93}.Debug|Any CPU.Build.0 = Debug|Any CPU
		{5985AC27-9B02-4F3C-8467-46E2ED200D93}.Debug|x64.ActiveCfg = Debug|Any CPU
		{5985AC27-9B02-4F3C-8467-46E2ED200D93}.Debug|x64.Build.0 = Debug|Any CPU
		{5985AC27-9B02-4F3C-8467-46E2ED200D93}.Debug|x86.ActiveCfg = Debug|Any CPU
		{5985AC27-9B02-4F3C-8467-46E2ED200D93}.Debug|x86.Build.0 = Debug|Any CPU
		{5985AC27-9B02-4F3C-8467-46E2ED200D93}.Release|Any CPU.ActiveCfg = Release|Any CPU
		{5985AC27-9B02-4F3C-8467-46E2ED200D93}.Release|Any CPU.Build.0 = Release|Any CPU
		{5985AC27-9B02-4F3C-8467-46E2ED200D93}.Release|x64.ActiveCfg = Release|Any CPU
		{5985AC27-9B02-4F3C-8467-46E2ED200D93}.Release|x64.Build.0 = Release|Any CPU
		{5985AC27-9B02-4F3C-8467-46E2ED200D93}.Release|x86.ActiveCfg = Release|Any CPU
		{5985AC27-9B02-4F3C-8467-46E2ED200D93}.Release|x86.Build.0 = Release|Any CPU
		{3680F1FB-DBE4-4DA4-BFCA-25188EFFE98C}.Debug|Any CPU.ActiveCfg = Debug|Any CPU
		{3680F1FB-DBE4-4DA4-BFCA-25188EFFE98C}.Debug|Any CPU.Build.0 = Debug|Any CPU
		{3680F1FB-DBE4-4DA4-BFCA-25188EFFE98C}.Debug|x64.ActiveCfg = Debug|Any CPU
		{3680F1FB-DBE4-4DA4-BFCA-25188EFFE98C}.Debug|x64.Build.0 = Debug|Any CPU
		{3680F1FB-DBE4-4DA4-BFCA-25188EFFE98C}.Debug|x86.ActiveCfg = Debug|Any CPU
		{3680F1FB-DBE4-4DA4-BFCA-25188EFFE98C}.Debug|x86.Build.0 = Debug|Any CPU
		{3680F1FB-DBE4-4DA4-BFCA-25188EFFE98C}.Release|Any CPU.ActiveCfg = Release|Any CPU
		{3680F1FB-DBE4-4DA4-BFCA-25188EFFE98C}.Release|Any CPU.Build.0 = Release|Any CPU
		{3680F1FB-DBE4-4DA4-BFCA-25188EFFE98C}.Release|x64.ActiveCfg = Release|Any CPU
		{3680F1FB-DBE4-4DA4-BFCA-25188EFFE98C}.Release|x64.Build.0 = Release|Any CPU
		{3680F1FB-DBE4-4DA4-BFCA-25188EFFE98C}.Release|x86.ActiveCfg = Release|Any CPU
		{3680F1FB-DBE4-4DA4-BFCA-25188EFFE98C}.Release|x86.Build.0 = Release|Any CPU
		{1916A08A-4630-4B8D-9B12-E9FA4BDA0F1D}.Debug|Any CPU.ActiveCfg = Debug|Any CPU
		{1916A08A-4630-4B8D-9B12-E9FA4BDA0F1D}.Debug|Any CPU.Build.0 = Debug|Any CPU
		{1916A08A-4630-4B8D-9B12-E9FA4BDA0F1D}.Debug|x64.ActiveCfg = Debug|Any CPU
		{1916A08A-4630-4B8D-9B12-E9FA4BDA0F1D}.Debug|x64.Build.0 = Debug|Any CPU
		{1916A08A-4630-4B8D-9B12-E9FA4BDA0F1D}.Debug|x86.ActiveCfg = Debug|Any CPU
		{1916A08A-4630-4B8D-9B12-E9FA4BDA0F1D}.Debug|x86.Build.0 = Debug|Any CPU
		{1916A08A-4630-4B8D-9B12-E9FA4BDA0F1D}.Release|Any CPU.ActiveCfg = Release|Any CPU
		{1916A08A-4630-4B8D-9B12-E9FA4BDA0F1D}.Release|Any CPU.Build.0 = Release|Any CPU
		{1916A08A-4630-4B8D-9B12-E9FA4BDA0F1D}.Release|x64.ActiveCfg = Release|Any CPU
		{1916A08A-4630-4B8D-9B12-E9FA4BDA0F1D}.Release|x64.Build.0 = Release|Any CPU
		{1916A08A-4630-4B8D-9B12-E9FA4BDA0F1D}.Release|x86.ActiveCfg = Release|Any CPU
		{1916A08A-4630-4B8D-9B12-E9FA4BDA0F1D}.Release|x86.Build.0 = Release|Any CPU
		{DCBE5CAC-9E12-4BE2-81A2-293D008E4009}.Debug|Any CPU.ActiveCfg = Debug|Any CPU
		{DCBE5CAC-9E12-4BE2-81A2-293D008E4009}.Debug|Any CPU.Build.0 = Debug|Any CPU
		{DCBE5CAC-9E12-4BE2-81A2-293D008E4009}.Debug|x64.ActiveCfg = Debug|Any CPU
		{DCBE5CAC-9E12-4BE2-81A2-293D008E4009}.Debug|x64.Build.0 = Debug|Any CPU
		{DCBE5CAC-9E12-4BE2-81A2-293D008E4009}.Debug|x86.ActiveCfg = Debug|Any CPU
		{DCBE5CAC-9E12-4BE2-81A2-293D008E4009}.Debug|x86.Build.0 = Debug|Any CPU
		{DCBE5CAC-9E12-4BE2-81A2-293D008E4009}.Release|Any CPU.ActiveCfg = Release|Any CPU
		{DCBE5CAC-9E12-4BE2-81A2-293D008E4009}.Release|Any CPU.Build.0 = Release|Any CPU
		{DCBE5CAC-9E12-4BE2-81A2-293D008E4009}.Release|x64.ActiveCfg = Release|Any CPU
		{DCBE5CAC-9E12-4BE2-81A2-293D008E4009}.Release|x64.Build.0 = Release|Any CPU
		{DCBE5CAC-9E12-4BE2-81A2-293D008E4009}.Release|x86.ActiveCfg = Release|Any CPU
		{DCBE5CAC-9E12-4BE2-81A2-293D008E4009}.Release|x86.Build.0 = Release|Any CPU
		{C1B02FA9-2566-4E33-8B55-D5AAC1D00B02}.Debug|Any CPU.ActiveCfg = Debug|Any CPU
		{C1B02FA9-2566-4E33-8B55-D5AAC1D00B02}.Debug|Any CPU.Build.0 = Debug|Any CPU
		{C1B02FA9-2566-4E33-8B55-D5AAC1D00B02}.Debug|x64.ActiveCfg = Debug|Any CPU
		{C1B02FA9-2566-4E33-8B55-D5AAC1D00B02}.Debug|x64.Build.0 = Debug|Any CPU
		{C1B02FA9-2566-4E33-8B55-D5AAC1D00B02}.Debug|x86.ActiveCfg = Debug|Any CPU
		{C1B02FA9-2566-4E33-8B55-D5AAC1D00B02}.Debug|x86.Build.0 = Debug|Any CPU
		{C1B02FA9-2566-4E33-8B55-D5AAC1D00B02}.Release|Any CPU.ActiveCfg = Release|Any CPU
		{C1B02FA9-2566-4E33-8B55-D5AAC1D00B02}.Release|Any CPU.Build.0 = Release|Any CPU
		{C1B02FA9-2566-4E33-8B55-D5AAC1D00B02}.Release|x64.ActiveCfg = Release|Any CPU
		{C1B02FA9-2566-4E33-8B55-D5AAC1D00B02}.Release|x64.Build.0 = Release|Any CPU
		{C1B02FA9-2566-4E33-8B55-D5AAC1D00B02}.Release|x86.ActiveCfg = Release|Any CPU
		{C1B02FA9-2566-4E33-8B55-D5AAC1D00B02}.Release|x86.Build.0 = Release|Any CPU
		{2490AC81-ACBF-43B4-8003-4C198AEAD1EB}.Debug|Any CPU.ActiveCfg = Debug|Any CPU
		{2490AC81-ACBF-43B4-8003-4C198AEAD1EB}.Debug|Any CPU.Build.0 = Debug|Any CPU
		{2490AC81-ACBF-43B4-8003-4C198AEAD1EB}.Debug|x64.ActiveCfg = Debug|Any CPU
		{2490AC81-ACBF-43B4-8003-4C198AEAD1EB}.Debug|x64.Build.0 = Debug|Any CPU
		{2490AC81-ACBF-43B4-8003-4C198AEAD1EB}.Debug|x86.ActiveCfg = Debug|Any CPU
		{2490AC81-ACBF-43B4-8003-4C198AEAD1EB}.Debug|x86.Build.0 = Debug|Any CPU
		{2490AC81-ACBF-43B4-8003-4C198AEAD1EB}.Release|Any CPU.ActiveCfg = Release|Any CPU
		{2490AC81-ACBF-43B4-8003-4C198AEAD1EB}.Release|Any CPU.Build.0 = Release|Any CPU
		{2490AC81-ACBF-43B4-8003-4C198AEAD1EB}.Release|x64.ActiveCfg = Release|Any CPU
		{2490AC81-ACBF-43B4-8003-4C198AEAD1EB}.Release|x64.Build.0 = Release|Any CPU
		{2490AC81-ACBF-43B4-8003-4C198AEAD1EB}.Release|x86.ActiveCfg = Release|Any CPU
		{2490AC81-ACBF-43B4-8003-4C198AEAD1EB}.Release|x86.Build.0 = Release|Any CPU
		{EDD1CBE8-6F7E-440F-9A52-8723C29295D4}.Debug|Any CPU.ActiveCfg = Debug|Any CPU
		{EDD1CBE8-6F7E-440F-9A52-8723C29295D4}.Debug|Any CPU.Build.0 = Debug|Any CPU
		{EDD1CBE8-6F7E-440F-9A52-8723C29295D4}.Debug|x64.ActiveCfg = Debug|Any CPU
		{EDD1CBE8-6F7E-440F-9A52-8723C29295D4}.Debug|x64.Build.0 = Debug|Any CPU
		{EDD1CBE8-6F7E-440F-9A52-8723C29295D4}.Debug|x86.ActiveCfg = Debug|Any CPU
		{EDD1CBE8-6F7E-440F-9A52-8723C29295D4}.Debug|x86.Build.0 = Debug|Any CPU
		{EDD1CBE8-6F7E-440F-9A52-8723C29295D4}.Release|Any CPU.ActiveCfg = Release|Any CPU
		{EDD1CBE8-6F7E-440F-9A52-8723C29295D4}.Release|Any CPU.Build.0 = Release|Any CPU
		{EDD1CBE8-6F7E-440F-9A52-8723C29295D4}.Release|x64.ActiveCfg = Release|Any CPU
		{EDD1CBE8-6F7E-440F-9A52-8723C29295D4}.Release|x64.Build.0 = Release|Any CPU
		{EDD1CBE8-6F7E-440F-9A52-8723C29295D4}.Release|x86.ActiveCfg = Release|Any CPU
		{EDD1CBE8-6F7E-440F-9A52-8723C29295D4}.Release|x86.Build.0 = Release|Any CPU
	EndGlobalSection
	GlobalSection(SolutionProperties) = preSolution
		HideSolutionNode = FALSE
	EndGlobalSection
	GlobalSection(NestedProjects) = preSolution
		{372D9249-D9CF-4E3C-B39E-82E04DF2194A} = {A1B2C3D4-E5F6-7890-ABCD-EF1234567890}
		{5985AC27-9B02-4F3C-8467-46E2ED200D93} = {A1B2C3D4-E5F6-7890-ABCD-EF1234567890}
		{3680F1FB-DBE4-4DA4-BFCA-25188EFFE98C} = {A1B2C3D4-E5F6-7890-ABCD-EF1234567890}
		{1916A08A-4630-4B8D-9B12-E9FA4BDA0F1D} = {A1B2C3D4-E5F6-7890-ABCD-EF1234567890}
		{DCBE5CAC-9E12-4BE2-81A2-293D008E4009} = {A1B2C3D4-E5F6-7890-ABCD-EF1234567890}
		{C1B02FA9-2566-4E33-8B55-D5AAC1D00B02} = {A1B2C3D4-E5F6-7890-ABCD-EF1234567890}
		{2490AC81-ACBF-43B4-8003-4C198AEAD1EB} = {A1B2C3D4-E5F6-7890-ABCD-EF1234567890}
		{EDD1CBE8-6F7E-440F-9A52-8723C29295D4} = {A1B2C3D4-E5F6-7890-ABCD-EF1234567890}
	EndGlobalSection
EndGlobal
