
Microsoft Visual Studio Solution File, Format Version 12.00
# Visual Studio Version 18
VisualStudioVersion = 18.0.31903.59
MinimumVisualStudioVersion = 10.0.40219.1
Project("{FAE04EC0-301F-11D3-BF4B-00C04F79EFBC}") = "SchemaQuench", "SchemaQuench\SchemaQuench.csproj", "{B53484E7-9400-4066-9AC8-1BFA5DE934B9}"
EndProject
Project("{FAE04EC0-301F-11D3-BF4B-00C04F79EFBC}") = "Schema", "Schema\Schema.csproj", "{29F9A1B8-7B3F-41E9-B2A4-73BE5904C42E}"
EndProject
Project("{FAE04EC0-301F-11D3-BF4B-00C04F79EFBC}") = "Schema.UnitTests", "Schema.UnitTests\Schema.UnitTests.csproj", "{A1FCB497-123C-4FD1-9BF5-45E76A4AB50D}"
EndProject
Project("{FAE04EC0-301F-11D3-BF4B-00C04F79EFBC}") = "SchemaQuench.UnitTests", "SchemaQuench.UnitTests\SchemaQuench.UnitTests.csproj", "{CF88946B-613D-4BD5-95CC-06C8AB6B2BB2}"
EndProject
Project("{FAE04EC0-301F-11D3-BF4B-00C04F79EFBC}") = "SchemaQuench.IntegrationTests", "SchemaQuench.IntegrationTests\SchemaQuench.IntegrationTests.csproj", "{9CC9218C-3AD2-4729-913F-F0FF02DF6F19}"
EndProject
Project("{FAE04EC0-301F-11D3-BF4B-00C04F79EFBC}") = "SchemaTongs", "SchemaTongs\SchemaTongs.csproj", "{20699A84-CE83-46B1-991F-44C19F57A854}"
EndProject
Project("{FAE04EC0-301F-11D3-BF4B-00C04F79EFBC}") = "SchemaTongs.IntegrationTests", "SchemaTongs.IntegrationTests\SchemaTongs.IntegrationTests.csproj", "{B0D6D90A-6CAC-4112-D9AA-62C18F944BDA}"
EndProject
Project("{FAE04EC0-301F-11D3-BF4B-00C04F79EFBC}") = "DataTongs", "DataTongs\DataTongs.csproj", "{2AAFB2D1-B83D-CD20-8C64-FA7DC452288E}"
EndProject
Project("{FAE04EC0-301F-11D3-BF4B-00C04F79EFBC}") = "DataTongs.IntegrationTests", "DataTongs.IntegrationTests\DataTongs.IntegrationTests.csproj", "{E49461BB-87CC-8518-F88C-7003737DB3EB}"
EndProject
Project("{2150E333-8FDC-42A3-9474-1A3956D46DE8}") = "Tests", "Tests", "{F0E3A1B2-5C7D-4E8F-9A6B-2D4C8E1F3A5B}"
EndProject
Project("{FAE04EC0-301F-11D3-BF4B-00C04F79EFBC}") = "SchemaHammer", "SchemaHammer\SchemaHammer.csproj", "{0E4DF2A4-31A9-4EDC-8F52-51E485436DF0}"
EndProject
Project("{FAE04EC0-301F-11D3-BF4B-00C04F79EFBC}") = "SchemaHammer.UnitTests", "SchemaHammer.UnitTests\SchemaHammer.UnitTests.csproj", "{DC61FB15-EC8C-4034-93B8-660952D515F9}"
EndProject
Project("{FAE04EC0-301F-11D3-BF4B-00C04F79EFBC}") = "SchemaTongs.UnitTests", "SchemaTongs.UnitTests\SchemaTongs.UnitTests.csproj", "{448DAA2F-B16A-4420-B670-CD1099262FC3}"
EndProject
Global
	GlobalSection(SolutionConfigurationPlatforms) = preSolution
		Debug|Any CPU = Debug|Any CPU
		Debug|x64 = Debug|x64
		Debug|x86 = Debug|x86
		Release|Any CPU = Release|Any CPU
		Release|x64 = Release|x64
		Release|x86 = Release|x86
	EndGlobalSection
	GlobalSection(ProjectConfigurationPlatforms) = postSolution
		{B53484E7-9400-4066-9AC8-1BFA5DE934B9}.Debug|Any CPU.ActiveCfg = Debug|Any CPU
		{B53484E7-9400-4066-9AC8-1BFA5DE934B9}.Debug|Any CPU.Build.0 = Debug|Any CPU
		{B53484E7-9400-4066-9AC8-1BFA5DE934B9}.Debug|x64.ActiveCfg = Debug|Any CPU
		{B53484E7-9400-4066-9AC8-1BFA5DE934B9}.Debug|x64.Build.0 = Debug|Any CPU
		{B53484E7-9400-4066-9AC8-1BFA5DE934B9}.Debug|x86.ActiveCfg = Debug|Any CPU
		{B53484E7-9400-4066-9AC8-1BFA5DE934B9}.Debug|x86.Build.0 = Debug|Any CPU
		{B53484E7-9400-4066-9AC8-1BFA5DE934B9}.Release|Any CPU.ActiveCfg = Release|Any CPU
		{B53484E7-9400-4066-9AC8-1BFA5DE934B9}.Release|Any CPU.Build.0 = Release|Any CPU
		{B53484E7-9400-4066-9AC8-1BFA5DE934B9}.Release|x64.ActiveCfg = Release|Any CPU
		{B53484E7-9400-4066-9AC8-1BFA5DE934B9}.Release|x64.Build.0 = Release|Any CPU
		{B53484E7-9400-4066-9AC8-1BFA5DE934B9}.Release|x86.ActiveCfg = Release|Any CPU
		{B53484E7-9400-4066-9AC8-1BFA5DE934B9}.Release|x86.Build.0 = Release|Any CPU
		{29F9A1B8-7B3F-41E9-B2A4-73BE5904C42E}.Debug|Any CPU.ActiveCfg = Debug|Any CPU
		{29F9A1B8-7B3F-41E9-B2A4-73BE5904C42E}.Debug|Any CPU.Build.0 = Debug|Any CPU
		{29F9A1B8-7B3F-41E9-B2A4-73BE5904C42E}.Debug|x64.ActiveCfg = Debug|Any CPU
		{29F9A1B8-7B3F-41E9-B2A4-73BE5904C42E}.Debug|x64.Build.0 = Debug|Any CPU
		{29F9A1B8-7B3F-41E9-B2A4-73BE5904C42E}.Debug|x86.ActiveCfg = Debug|Any CPU
		{29F9A1B8-7B3F-41E9-B2A4-73BE5904C42E}.Debug|x86.Build.0 = Debug|Any CPU
		{29F9A1B8-7B3F-41E9-B2A4-73BE5904C42E}.Release|Any CPU.ActiveCfg = Release|Any CPU
		{29F9A1B8-7B3F-41E9-B2A4-73BE5904C42E}.Release|Any CPU.Build.0 = Release|Any CPU
		{29F9A1B8-7B3F-41E9-B2A4-73BE5904C42E}.Release|x64.ActiveCfg = Release|Any CPU
		{29F9A1B8-7B3F-41E9-B2A4-73BE5904C42E}.Release|x64.Build.0 = Release|Any CPU
		{29F9A1B8-7B3F-41E9-B2A4-73BE5904C42E}.Release|x86.ActiveCfg = Release|Any CPU
		{29F9A1B8-7B3F-41E9-B2A4-73BE5904C42E}.Release|x86.Build.0 = Release|Any CPU
		{A1FCB497-123C-4FD1-9BF5-45E76A4AB50D}.Debug|Any CPU.ActiveCfg = Debug|Any CPU
		{A1FCB497-123C-4FD1-9BF5-45E76A4AB50D}.Debug|Any CPU.Build.0 = Debug|Any CPU
		{A1FCB497-123C-4FD1-9BF5-45E76A4AB50D}.Debug|x64.ActiveCfg = Debug|Any CPU
		{A1FCB497-123C-4FD1-9BF5-45E76A4AB50D}.Debug|x64.Build.0 = Debug|Any CPU
		{A1FCB497-123C-4FD1-9BF5-45E76A4AB50D}.Debug|x86.ActiveCfg = Debug|Any CPU
		{A1FCB497-123C-4FD1-9BF5-45E76A4AB50D}.Debug|x86.Build.0 = Debug|Any CPU
		{A1FCB497-123C-4FD1-9BF5-45E76A4AB50D}.Release|Any CPU.ActiveCfg = Release|Any CPU
		{A1FCB497-123C-4FD1-9BF5-45E76A4AB50D}.Release|Any CPU.Build.0 = Release|Any CPU
		{A1FCB497-123C-4FD1-9BF5-45E76A4AB50D}.Release|x64.ActiveCfg = Release|Any CPU
		{A1FCB497-123C-4FD1-9BF5-45E76A4AB50D}.Release|x64.Build.0 = Release|Any CPU
		{A1FCB497-123C-4FD1-9BF5-45E76A4AB50D}.Release|x86.ActiveCfg = Release|Any CPU
		{A1FCB497-123C-4FD1-9BF5-45E76A4AB50D}.Release|x86.Build.0 = Release|Any CPU
		{CF88946B-613D-4BD5-95CC-06C8AB6B2BB2}.Debug|Any CPU.ActiveCfg = Debug|Any CPU
		{CF88946B-613D-4BD5-95CC-06C8AB6B2BB2}.Debug|Any CPU.Build.0 = Debug|Any CPU
		{CF88946B-613D-4BD5-95CC-06C8AB6B2BB2}.Debug|x64.ActiveCfg = Debug|Any CPU
		{CF88946B-613D-4BD5-95CC-06C8AB6B2BB2}.Debug|x64.Build.0 = Debug|Any CPU
		{CF88946B-613D-4BD5-95CC-06C8AB6B2BB2}.Debug|x86.ActiveCfg = Debug|Any CPU
		{CF88946B-613D-4BD5-95CC-06C8AB6B2BB2}.Debug|x86.Build.0 = Debug|Any CPU
		{CF88946B-613D-4BD5-95CC-06C8AB6B2BB2}.Release|Any CPU.ActiveCfg = Release|Any CPU
		{CF88946B-613D-4BD5-95CC-06C8AB6B2BB2}.Release|Any CPU.Build.0 = Release|Any CPU
		{CF88946B-613D-4BD5-95CC-06C8AB6B2BB2}.Release|x64.ActiveCfg = Release|Any CPU
		{CF88946B-613D-4BD5-95CC-06C8AB6B2BB2}.Release|x64.Build.0 = Release|Any CPU
		{CF88946B-613D-4BD5-95CC-06C8AB6B2BB2}.Release|x86.ActiveCfg = Release|Any CPU
		{CF88946B-613D-4BD5-95CC-06C8AB6B2BB2}.Release|x86.Build.0 = Release|Any CPU
		{9CC9218C-3AD2-4729-913F-F0FF02DF6F19}.Debug|Any CPU.ActiveCfg = Debug|Any CPU
		{9CC9218C-3AD2-4729-913F-F0FF02DF6F19}.Debug|Any CPU.Build.0 = Debug|Any CPU
		{9CC9218C-3AD2-4729-913F-F0FF02DF6F19}.Debug|x64.ActiveCfg = Debug|Any CPU
		{9CC9218C-3AD2-4729-913F-F0FF02DF6F19}.Debug|x64.Build.0 = Debug|Any CPU
		{9CC9218C-3AD2-4729-913F-F0FF02DF6F19}.Debug|x86.ActiveCfg = Debug|Any CPU
		{9CC9218C-3AD2-4729-913F-F0FF02DF6F19}.Debug|x86.Build.0 = Debug|Any CPU
		{9CC9218C-3AD2-4729-913F-F0FF02DF6F19}.Release|Any CPU.ActiveCfg = Release|Any CPU
		{9CC9218C-3AD2-4729-913F-F0FF02DF6F19}.Release|Any CPU.Build.0 = Release|Any CPU
		{9CC9218C-3AD2-4729-913F-F0FF02DF6F19}.Release|x64.ActiveCfg = Release|Any CPU
		{9CC9218C-3AD2-4729-913F-F0FF02DF6F19}.Release|x64.Build.0 = Release|Any CPU
		{9CC9218C-3AD2-4729-913F-F0FF02DF6F19}.Release|x86.ActiveCfg = Release|Any CPU
		{9CC9218C-3AD2-4729-913F-F0FF02DF6F19}.Release|x86.Build.0 = Release|Any CPU
		{20699A84-CE83-46B1-991F-44C19F57A854}.Debug|Any CPU.ActiveCfg = Debug|Any CPU
		{20699A84-CE83-46B1-991F-44C19F57A854}.Debug|Any CPU.Build.0 = Debug|Any CPU
		{20699A84-CE83-46B1-991F-44C19F57A854}.Debug|x64.ActiveCfg = Debug|Any CPU
		{20699A84-CE83-46B1-991F-44C19F57A854}.Debug|x64.Build.0 = Debug|Any CPU
		{20699A84-CE83-46B1-991F-44C19F57A854}.Debug|x86.ActiveCfg = Debug|Any CPU
		{20699A84-CE83-46B1-991F-44C19F57A854}.Debug|x86.Build.0 = Debug|Any CPU
		{20699A84-CE83-46B1-991F-44C19F57A854}.Release|Any CPU.ActiveCfg = Release|Any CPU
		{20699A84-CE83-46B1-991F-44C19F57A854}.Release|Any CPU.Build.0 = Release|Any CPU
		{20699A84-CE83-46B1-991F-44C19F57A854}.Release|x64.ActiveCfg = Release|Any CPU
		{20699A84-CE83-46B1-991F-44C19F57A854}.Release|x64.Build.0 = Release|Any CPU
		{20699A84-CE83-46B1-991F-44C19F57A854}.Release|x86.ActiveCfg = Release|Any CPU
		{20699A84-CE83-46B1-991F-44C19F57A854}.Release|x86.Build.0 = Release|Any CPU
		{B0D6D90A-6CAC-4112-D9AA-62C18F944BDA}.Debug|Any CPU.ActiveCfg = Debug|Any CPU
		{B0D6D90A-6CAC-4112-D9AA-62C18F944BDA}.Debug|Any CPU.Build.0 = Debug|Any CPU
		{B0D6D90A-6CAC-4112-D9AA-62C18F944BDA}.Debug|x64.ActiveCfg = Debug|Any CPU
		{B0D6D90A-6CAC-4112-D9AA-62C18F944BDA}.Debug|x64.Build.0 = Debug|Any CPU
		{B0D6D90A-6CAC-4112-D9AA-62C18F944BDA}.Debug|x86.ActiveCfg = Debug|Any CPU
		{B0D6D90A-6CAC-4112-D9AA-62C18F944BDA}.Debug|x86.Build.0 = Debug|Any CPU
		{B0D6D90A-6CAC-4112-D9AA-62C18F944BDA}.Release|Any CPU.ActiveCfg = Release|Any CPU
		{B0D6D90A-6CAC-4112-D9AA-62C18F944BDA}.Release|Any CPU.Build.0 = Release|Any CPU
		{B0D6D90A-6CAC-4112-D9AA-62C18F944BDA}.Release|x64.ActiveCfg = Release|Any CPU
		{B0D6D90A-6CAC-4112-D9AA-62C18F944BDA}.Release|x64.Build.0 = Release|Any CPU
		{B0D6D90A-6CAC-4112-D9AA-62C18F944BDA}.Release|x86.ActiveCfg = Release|Any CPU
		{B0D6D90A-6CAC-4112-D9AA-62C18F944BDA}.Release|x86.Build.0 = Release|Any CPU
		{2AAFB2D1-B83D-CD20-8C64-FA7DC452288E}.Debug|Any CPU.ActiveCfg = Debug|Any CPU
		{2AAFB2D1-B83D-CD20-8C64-FA7DC452288E}.Debug|Any CPU.Build.0 = Debug|Any CPU
		{2AAFB2D1-B83D-CD20-8C64-FA7DC452288E}.Debug|x64.ActiveCfg = Debug|Any CPU
		{2AAFB2D1-B83D-CD20-8C64-FA7DC452288E}.Debug|x64.Build.0 = Debug|Any CPU
		{2AAFB2D1-B83D-CD20-8C64-FA7DC452288E}.Debug|x86.ActiveCfg = Debug|Any CPU
		{2AAFB2D1-B83D-CD20-8C64-FA7DC452288E}.Debug|x86.Build.0 = Debug|Any CPU
		{2AAFB2D1-B83D-CD20-8C64-FA7DC452288E}.Release|Any CPU.ActiveCfg = Release|Any CPU
		{2AAFB2D1-B83D-CD20-8C64-FA7DC452288E}.Release|Any CPU.Build.0 = Release|Any CPU
		{2AAFB2D1-B83D-CD20-8C64-FA7DC452288E}.Release|x64.ActiveCfg = Release|Any CPU
		{2AAFB2D1-B83D-CD20-8C64-FA7DC452288E}.Release|x64.Build.0 = Release|Any CPU
		{2AAFB2D1-B83D-CD20-8C64-FA7DC452288E}.Release|x86.ActiveCfg = Release|Any CPU
		{2AAFB2D1-B83D-CD20-8C64-FA7DC452288E}.Release|x86.Build.0 = Release|Any CPU
		{E49461BB-87CC-8518-F88C-7003737DB3EB}.Debug|Any CPU.ActiveCfg = Debug|Any CPU
		{E49461BB-87CC-8518-F88C-7003737DB3EB}.Debug|Any CPU.Build.0 = Debug|Any CPU
		{E49461BB-87CC-8518-F88C-7003737DB3EB}.Debug|x64.ActiveCfg = Debug|Any CPU
		{E49461BB-87CC-8518-F88C-7003737DB3EB}.Debug|x64.Build.0 = Debug|Any CPU
		{E49461BB-87CC-8518-F88C-7003737DB3EB}.Debug|x86.ActiveCfg = Debug|Any CPU
		{E49461BB-87CC-8518-F88C-7003737DB3EB}.Debug|x86.Build.0 = Debug|Any CPU
		{E49461BB-87CC-8518-F88C-7003737DB3EB}.Release|Any CPU.ActiveCfg = Release|Any CPU
		{E49461BB-87CC-8518-F88C-7003737DB3EB}.Release|Any CPU.Build.0 = Release|Any CPU
		{E49461BB-87CC-8518-F88C-7003737DB3EB}.Release|x64.ActiveCfg = Release|Any CPU
		{E49461BB-87CC-8518-F88C-7003737DB3EB}.Release|x64.Build.0 = Release|Any CPU
		{E49461BB-87CC-8518-F88C-7003737DB3EB}.Release|x86.ActiveCfg = Release|Any CPU
		{E49461BB-87CC-8518-F88C-7003737DB3EB}.Release|x86.Build.0 = Release|Any CPU
		{0E4DF2A4-31A9-4EDC-8F52-51E485436DF0}.Debug|Any CPU.ActiveCfg = Debug|Any CPU
		{0E4DF2A4-31A9-4EDC-8F52-51E485436DF0}.Debug|Any CPU.Build.0 = Debug|Any CPU
		{0E4DF2A4-31A9-4EDC-8F52-51E485436DF0}.Debug|x64.ActiveCfg = Debug|Any CPU
		{0E4DF2A4-31A9-4EDC-8F52-51E485436DF0}.Debug|x64.Build.0 = Debug|Any CPU
		{0E4DF2A4-31A9-4EDC-8F52-51E485436DF0}.Debug|x86.ActiveCfg = Debug|Any CPU
		{0E4DF2A4-31A9-4EDC-8F52-51E485436DF0}.Debug|x86.Build.0 = Debug|Any CPU
		{0E4DF2A4-31A9-4EDC-8F52-51E485436DF0}.Release|Any CPU.ActiveCfg = Release|Any CPU
		{0E4DF2A4-31A9-4EDC-8F52-51E485436DF0}.Release|Any CPU.Build.0 = Release|Any CPU
		{0E4DF2A4-31A9-4EDC-8F52-51E485436DF0}.Release|x64.ActiveCfg = Release|Any CPU
		{0E4DF2A4-31A9-4EDC-8F52-51E485436DF0}.Release|x64.Build.0 = Release|Any CPU
		{0E4DF2A4-31A9-4EDC-8F52-51E485436DF0}.Release|x86.ActiveCfg = Release|Any CPU
		{0E4DF2A4-31A9-4EDC-8F52-51E485436DF0}.Release|x86.Build.0 = Release|Any CPU
		{DC61FB15-EC8C-4034-93B8-660952D515F9}.Debug|Any CPU.ActiveCfg = Debug|Any CPU
		{DC61FB15-EC8C-4034-93B8-660952D515F9}.Debug|Any CPU.Build.0 = Debug|Any CPU
		{DC61FB15-EC8C-4034-93B8-660952D515F9}.Debug|x64.ActiveCfg = Debug|Any CPU
		{DC61FB15-EC8C-4034-93B8-660952D515F9}.Debug|x64.Build.0 = Debug|Any CPU
		{DC61FB15-EC8C-4034-93B8-660952D515F9}.Debug|x86.ActiveCfg = Debug|Any CPU
		{DC61FB15-EC8C-4034-93B8-660952D515F9}.Debug|x86.Build.0 = Debug|Any CPU
		{DC61FB15-EC8C-4034-93B8-660952D515F9}.Release|Any CPU.ActiveCfg = Release|Any CPU
		{DC61FB15-EC8C-4034-93B8-660952D515F9}.Release|Any CPU.Build.0 = Release|Any CPU
		{DC61FB15-EC8C-4034-93B8-660952D515F9}.Release|x64.ActiveCfg = Release|Any CPU
		{DC61FB15-EC8C-4034-93B8-660952D515F9}.Release|x64.Build.0 = Release|Any CPU
		{DC61FB15-EC8C-4034-93B8-660952D515F9}.Release|x86.ActiveCfg = Release|Any CPU
		{DC61FB15-EC8C-4034-93B8-660952D515F9}.Release|x86.Build.0 = Release|Any CPU
		{448DAA2F-B16A-4420-B670-CD1099262FC3}.Debug|Any CPU.ActiveCfg = Debug|Any CPU
		{448DAA2F-B16A-4420-B670-CD1099262FC3}.Debug|Any CPU.Build.0 = Debug|Any CPU
		{448DAA2F-B16A-4420-B670-CD1099262FC3}.Debug|x64.ActiveCfg = Debug|Any CPU
		{448DAA2F-B16A-4420-B670-CD1099262FC3}.Debug|x64.Build.0 = Debug|Any CPU
		{448DAA2F-B16A-4420-B670-CD1099262FC3}.Debug|x86.ActiveCfg = Debug|Any CPU
		{448DAA2F-B16A-4420-B670-CD1099262FC3}.Debug|x86.Build.0 = Debug|Any CPU
		{448DAA2F-B16A-4420-B670-CD1099262FC3}.Release|Any CPU.ActiveCfg = Release|Any CPU
		{448DAA2F-B16A-4420-B670-CD1099262FC3}.Release|Any CPU.Build.0 = Release|Any CPU
		{448DAA2F-B16A-4420-B670-CD1099262FC3}.Release|x64.ActiveCfg = Release|Any CPU
		{448DAA2F-B16A-4420-B670-CD1099262FC3}.Release|x64.Build.0 = Release|Any CPU
		{448DAA2F-B16A-4420-B670-CD1099262FC3}.Release|x86.ActiveCfg = Release|Any CPU
		{448DAA2F-B16A-4420-B670-CD1099262FC3}.Release|x86.Build.0 = Release|Any CPU
	EndGlobalSection
	GlobalSection(SolutionProperties) = preSolution
		HideSolutionNode = FALSE
	EndGlobalSection
	GlobalSection(NestedProjects) = preSolution
		{A1FCB497-123C-4FD1-9BF5-45E76A4AB50D} = {F0E3A1B2-5C7D-4E8F-9A6B-2D4C8E1F3A5B}
		{CF88946B-613D-4BD5-95CC-06C8AB6B2BB2} = {F0E3A1B2-5C7D-4E8F-9A6B-2D4C8E1F3A5B}
		{9CC9218C-3AD2-4729-913F-F0FF02DF6F19} = {F0E3A1B2-5C7D-4E8F-9A6B-2D4C8E1F3A5B}
		{B0D6D90A-6CAC-4112-D9AA-62C18F944BDA} = {F0E3A1B2-5C7D-4E8F-9A6B-2D4C8E1F3A5B}
		{E49461BB-87CC-8518-F88C-7003737DB3EB} = {F0E3A1B2-5C7D-4E8F-9A6B-2D4C8E1F3A5B}
		{DC61FB15-EC8C-4034-93B8-660952D515F9} = {F0E3A1B2-5C7D-4E8F-9A6B-2D4C8E1F3A5B}
	EndGlobalSection
	GlobalSection(ExtensibilityGlobals) = postSolution
		SolutionGuid = {31264ABB-173F-4351-BAC0-3892920B1E60}
	EndGlobalSection
EndGlobal
