
Microsoft Visual Studio Solution File, Format Version 12.00
# Visual Studio Version 17
VisualStudioVersion = 17.12.35527.113
MinimumVisualStudioVersion = 10.0.40219.1
Project("{FAE04EC0-301F-11D3-BF4B-00C04F79EFBC}") = "SchemaQuench", "SchemaQuench\SchemaQuench.csproj", "{B53484E7-9400-4066-9AC8-1BFA5DE934B9}"
EndProject
Project("{FAE04EC0-301F-11D3-BF4B-00C04F79EFBC}") = "Schema", "Schema\Schema.csproj", "{29F9A1B8-7B3F-41E9-B2A4-73BE5904C42E}"
EndProject
Project("{FAE04EC0-301F-11D3-BF4B-00C04F79EFBC}") = "Schema.UnitTests", "Schema.UnitTests\Schema.UnitTests.csproj", "{A1FCB497-123C-4FD1-9BF5-45E76A4AB50D}"
EndProject
Project("{FAE04EC0-301F-11D3-BF4B-00C04F79EFBC}") = "SchemaQuench.UnitTests", "SchemaQuench.UnitTests\SchemaQuench.UnitTests.csproj", "{CF88946B-613D-4BD5-95CC-06C8AB6B2BB2}"
EndProject
Project("{FAE04EC0-301F-11D3-BF4B-00C04F79EFBC}") = "SchemaQuench.IntegrationTests", "SchemaQuench.IntegrationTests\SchemaQuench.IntegrationTests.csproj", "{9CC9218C-3AD2-4729-913F-F0FF02DF6F19}"
EndProject
Project("{FAE04EC0-301F-11D3-BF4B-00C04F79EFBC}") = "SchemaTongs", "SchemaTongs\SchemaTongs.csproj", "{20699A84-CE83-46B1-991F-44C19F57A854}"
EndProject
Project("{FAE04EC0-301F-11D3-BF4B-00C04F79EFBC}") = "DataTongs", "DataTongs\DataTongs.csproj", "{2AAFB2D1-B83D-CD20-8C64-FA7DC452288E}"
EndProject
Project("{FAE04EC0-301F-11D3-BF4B-00C04F79EFBC}") = "DataTongs.IntegrationTests", "DataTongs.IntegrationTests\DataTongs.IntegrationTests.csproj", "{E49461BB-87CC-8518-F88C-7003737DB3EB}"
EndProject
Project("{FAE04EC0-301F-11D3-BF4B-00C04F79EFBC}") = "SchemaTongs.IntegrationTests", "SchemaTongs.IntegrationTests\SchemaTongs.IntegrationTests.csproj", "{B0D6D90A-6CAC-4112-D9AA-62C18F944BDA}"
EndProject
Project("{FAE04EC0-301F-11D3-BF4B-00C04F79EFBC}") = "ZipAllTools", "ZipAllTools\ZipAllTools.csproj", "{DDBBC25F-4780-4170-8B92-F66F851E6C4E}"
	ProjectSection(ProjectDependencies) = postProject
		{20699A84-CE83-46B1-991F-44C19F57A854} = {20699A84-CE83-46B1-991F-44C19F57A854}
		{29F9A1B8-7B3F-41E9-B2A4-73BE5904C42E} = {29F9A1B8-7B3F-41E9-B2A4-73BE5904C42E}
		{2AAFB2D1-B83D-CD20-8C64-FA7DC452288E} = {2AAFB2D1-B83D-CD20-8C64-FA7DC452288E}
		{B53484E7-9400-4066-9AC8-1BFA5DE934B9} = {B53484E7-9400-4066-9AC8-1BFA5DE934B9}
	EndProjectSection
EndProject
Project("{B7DD6F7E-DEF8-4E67-B5B7-07EF123DB6F0}") = "Setup", "Setup\Setup.wixproj", "{CB6E5864-C974-BAAE-ED62-D9ECF1CD6A97}"
EndProject
Global
	GlobalSection(SolutionConfigurationPlatforms) = preSolution
		Debug|Any CPU = Debug|Any CPU
		Debug|ARM64 = Debug|ARM64
		Debug|x64 = Debug|x64
		Debug|x86 = Debug|x86
		Demo|Any CPU = Demo|Any CPU
		Demo|ARM64 = Demo|ARM64
		Demo|x64 = Demo|x64
		Demo|x86 = Demo|x86
		Release|Any CPU = Release|Any CPU
		Release|ARM64 = Release|ARM64
		Release|x64 = Release|x64
		Release|x86 = Release|x86
	EndGlobalSection
	GlobalSection(ProjectConfigurationPlatforms) = postSolution
		{B53484E7-9400-4066-9AC8-1BFA5DE934B9}.Debug|Any CPU.ActiveCfg = Debug|Any CPU
		{B53484E7-9400-4066-9AC8-1BFA5DE934B9}.Debug|Any CPU.Build.0 = Debug|Any CPU
		{B53484E7-9400-4066-9AC8-1BFA5DE934B9}.Debug|ARM64.ActiveCfg = Debug|Any CPU
		{B53484E7-9400-4066-9AC8-1BFA5DE934B9}.Debug|ARM64.Build.0 = Debug|Any CPU
		{B53484E7-9400-4066-9AC8-1BFA5DE934B9}.Debug|x64.ActiveCfg = Debug|Any CPU
		{B53484E7-9400-4066-9AC8-1BFA5DE934B9}.Debug|x64.Build.0 = Debug|Any CPU
		{B53484E7-9400-4066-9AC8-1BFA5DE934B9}.Debug|x86.ActiveCfg = Debug|Any CPU
		{B53484E7-9400-4066-9AC8-1BFA5DE934B9}.Debug|x86.Build.0 = Debug|Any CPU
		{B53484E7-9400-4066-9AC8-1BFA5DE934B9}.Demo|Any CPU.ActiveCfg = Release|Any CPU
		{B53484E7-9400-4066-9AC8-1BFA5DE934B9}.Demo|ARM64.ActiveCfg = Release|Any CPU
		{B53484E7-9400-4066-9AC8-1BFA5DE934B9}.Demo|ARM64.Build.0 = Release|Any CPU
		{B53484E7-9400-4066-9AC8-1BFA5DE934B9}.Demo|x64.ActiveCfg = Release|Any CPU
		{B53484E7-9400-4066-9AC8-1BFA5DE934B9}.Demo|x64.Build.0 = Release|Any CPU
		{B53484E7-9400-4066-9AC8-1BFA5DE934B9}.Demo|x86.ActiveCfg = Release|Any CPU
		{B53484E7-9400-4066-9AC8-1BFA5DE934B9}.Demo|x86.Build.0 = Release|Any CPU
		{B53484E7-9400-4066-9AC8-1BFA5DE934B9}.Release|Any CPU.ActiveCfg = Release|Any CPU
		{B53484E7-9400-4066-9AC8-1BFA5DE934B9}.Release|Any CPU.Build.0 = Release|Any CPU
		{B53484E7-9400-4066-9AC8-1BFA5DE934B9}.Release|ARM64.ActiveCfg = Release|Any CPU
		{B53484E7-9400-4066-9AC8-1BFA5DE934B9}.Release|ARM64.Build.0 = Release|Any CPU
		{B53484E7-9400-4066-9AC8-1BFA5DE934B9}.Release|x64.ActiveCfg = Release|Any CPU
		{B53484E7-9400-4066-9AC8-1BFA5DE934B9}.Release|x64.Build.0 = Release|Any CPU
		{B53484E7-9400-4066-9AC8-1BFA5DE934B9}.Release|x86.ActiveCfg = Release|Any CPU
		{B53484E7-9400-4066-9AC8-1BFA5DE934B9}.Release|x86.Build.0 = Release|Any CPU
		{29F9A1B8-7B3F-41E9-B2A4-73BE5904C42E}.Debug|Any CPU.ActiveCfg = Debug|Any CPU
		{29F9A1B8-7B3F-41E9-B2A4-73BE5904C42E}.Debug|Any CPU.Build.0 = Debug|Any CPU
		{29F9A1B8-7B3F-41E9-B2A4-73BE5904C42E}.Debug|ARM64.ActiveCfg = Debug|Any CPU
		{29F9A1B8-7B3F-41E9-B2A4-73BE5904C42E}.Debug|ARM64.Build.0 = Debug|Any CPU
		{29F9A1B8-7B3F-41E9-B2A4-73BE5904C42E}.Debug|x64.ActiveCfg = Debug|Any CPU
		{29F9A1B8-7B3F-41E9-B2A4-73BE5904C42E}.Debug|x64.Build.0 = Debug|Any CPU
		{29F9A1B8-7B3F-41E9-B2A4-73BE5904C42E}.Debug|x86.ActiveCfg = Debug|Any CPU
		{29F9A1B8-7B3F-41E9-B2A4-73BE5904C42E}.Debug|x86.Build.0 = Debug|Any CPU
		{29F9A1B8-7B3F-41E9-B2A4-73BE5904C42E}.Demo|Any CPU.ActiveCfg = Release|Any CPU
		{29F9A1B8-7B3F-41E9-B2A4-73BE5904C42E}.Demo|ARM64.ActiveCfg = Release|Any CPU
		{29F9A1B8-7B3F-41E9-B2A4-73BE5904C42E}.Demo|ARM64.Build.0 = Release|Any CPU
		{29F9A1B8-7B3F-41E9-B2A4-73BE5904C42E}.Demo|x64.ActiveCfg = Release|Any CPU
		{29F9A1B8-7B3F-41E9-B2A4-73BE5904C42E}.Demo|x64.Build.0 = Release|Any CPU
		{29F9A1B8-7B3F-41E9-B2A4-73BE5904C42E}.Demo|x86.ActiveCfg = Release|Any CPU
		{29F9A1B8-7B3F-41E9-B2A4-73BE5904C42E}.Demo|x86.Build.0 = Release|Any CPU
		{29F9A1B8-7B3F-41E9-B2A4-73BE5904C42E}.Release|Any CPU.ActiveCfg = Release|Any CPU
		{29F9A1B8-7B3F-41E9-B2A4-73BE5904C42E}.Release|Any CPU.Build.0 = Release|Any CPU
		{29F9A1B8-7B3F-41E9-B2A4-73BE5904C42E}.Release|ARM64.ActiveCfg = Release|Any CPU
		{29F9A1B8-7B3F-41E9-B2A4-73BE5904C42E}.Release|ARM64.Build.0 = Release|Any CPU
		{29F9A1B8-7B3F-41E9-B2A4-73BE5904C42E}.Release|x64.ActiveCfg = Release|Any CPU
		{29F9A1B8-7B3F-41E9-B2A4-73BE5904C42E}.Release|x64.Build.0 = Release|Any CPU
		{29F9A1B8-7B3F-41E9-B2A4-73BE5904C42E}.Release|x86.ActiveCfg = Release|Any CPU
		{29F9A1B8-7B3F-41E9-B2A4-73BE5904C42E}.Release|x86.Build.0 = Release|Any CPU
		{A1FCB497-123C-4FD1-9BF5-45E76A4AB50D}.Debug|Any CPU.ActiveCfg = Debug|Any CPU
		{A1FCB497-123C-4FD1-9BF5-45E76A4AB50D}.Debug|Any CPU.Build.0 = Debug|Any CPU
		{A1FCB497-123C-4FD1-9BF5-45E76A4AB50D}.Debug|ARM64.ActiveCfg = Debug|Any CPU
		{A1FCB497-123C-4FD1-9BF5-45E76A4AB50D}.Debug|ARM64.Build.0 = Debug|Any CPU
		{A1FCB497-123C-4FD1-9BF5-45E76A4AB50D}.Debug|x64.ActiveCfg = Debug|Any CPU
		{A1FCB497-123C-4FD1-9BF5-45E76A4AB50D}.Debug|x64.Build.0 = Debug|Any CPU
		{A1FCB497-123C-4FD1-9BF5-45E76A4AB50D}.Debug|x86.ActiveCfg = Debug|Any CPU
		{A1FCB497-123C-4FD1-9BF5-45E76A4AB50D}.Debug|x86.Build.0 = Debug|Any CPU
		{A1FCB497-123C-4FD1-9BF5-45E76A4AB50D}.Demo|Any CPU.ActiveCfg = Release|Any CPU
		{A1FCB497-123C-4FD1-9BF5-45E76A4AB50D}.Demo|ARM64.ActiveCfg = Release|Any CPU
		{A1FCB497-123C-4FD1-9BF5-45E76A4AB50D}.Demo|ARM64.Build.0 = Release|Any CPU
		{A1FCB497-123C-4FD1-9BF5-45E76A4AB50D}.Demo|x64.ActiveCfg = Release|Any CPU
		{A1FCB497-123C-4FD1-9BF5-45E76A4AB50D}.Demo|x64.Build.0 = Release|Any CPU
		{A1FCB497-123C-4FD1-9BF5-45E76A4AB50D}.Demo|x86.ActiveCfg = Release|Any CPU
		{A1FCB497-123C-4FD1-9BF5-45E76A4AB50D}.Demo|x86.Build.0 = Release|Any CPU
		{A1FCB497-123C-4FD1-9BF5-45E76A4AB50D}.Release|Any CPU.ActiveCfg = Release|Any CPU
		{A1FCB497-123C-4FD1-9BF5-45E76A4AB50D}.Release|ARM64.ActiveCfg = Release|Any CPU
		{A1FCB497-123C-4FD1-9BF5-45E76A4AB50D}.Release|ARM64.Build.0 = Release|Any CPU
		{A1FCB497-123C-4FD1-9BF5-45E76A4AB50D}.Release|x64.ActiveCfg = Release|Any CPU
		{A1FCB497-123C-4FD1-9BF5-45E76A4AB50D}.Release|x64.Build.0 = Release|Any CPU
		{A1FCB497-123C-4FD1-9BF5-45E76A4AB50D}.Release|x86.ActiveCfg = Release|Any CPU
		{A1FCB497-123C-4FD1-9BF5-45E76A4AB50D}.Release|x86.Build.0 = Release|Any CPU
		{CF88946B-613D-4BD5-95CC-06C8AB6B2BB2}.Debug|Any CPU.ActiveCfg = Debug|Any CPU
		{CF88946B-613D-4BD5-95CC-06C8AB6B2BB2}.Debug|Any CPU.Build.0 = Debug|Any CPU
		{CF88946B-613D-4BD5-95CC-06C8AB6B2BB2}.Debug|ARM64.ActiveCfg = Debug|Any CPU
		{CF88946B-613D-4BD5-95CC-06C8AB6B2BB2}.Debug|ARM64.Build.0 = Debug|Any CPU
		{CF88946B-613D-4BD5-95CC-06C8AB6B2BB2}.Debug|x64.ActiveCfg = Debug|Any CPU
		{CF88946B-613D-4BD5-95CC-06C8AB6B2BB2}.Debug|x64.Build.0 = Debug|Any CPU
		{CF88946B-613D-4BD5-95CC-06C8AB6B2BB2}.Debug|x86.ActiveCfg = Debug|Any CPU
		{CF88946B-613D-4BD5-95CC-06C8AB6B2BB2}.Debug|x86.Build.0 = Debug|Any CPU
		{CF88946B-613D-4BD5-95CC-06C8AB6B2BB2}.Demo|Any CPU.ActiveCfg = Release|Any CPU
		{CF88946B-613D-4BD5-95CC-06C8AB6B2BB2}.Demo|ARM64.ActiveCfg = Release|Any CPU
		{CF88946B-613D-4BD5-95CC-06C8AB6B2BB2}.Demo|ARM64.Build.0 = Release|Any CPU
		{CF88946B-613D-4BD5-95CC-06C8AB6B2BB2}.Demo|x64.ActiveCfg = Release|Any CPU
		{CF88946B-613D-4BD5-95CC-06C8AB6B2BB2}.Demo|x64.Build.0 = Release|Any CPU
		{CF88946B-613D-4BD5-95CC-06C8AB6B2BB2}.Demo|x86.ActiveCfg = Release|Any CPU
		{CF88946B-613D-4BD5-95CC-06C8AB6B2BB2}.Demo|x86.Build.0 = Release|Any CPU
		{CF88946B-613D-4BD5-95CC-06C8AB6B2BB2}.Release|Any CPU.ActiveCfg = Release|Any CPU
		{CF88946B-613D-4BD5-95CC-06C8AB6B2BB2}.Release|ARM64.ActiveCfg = Release|Any CPU
		{CF88946B-613D-4BD5-95CC-06C8AB6B2BB2}.Release|ARM64.Build.0 = Release|Any CPU
		{CF88946B-613D-4BD5-95CC-06C8AB6B2BB2}.Release|x64.ActiveCfg = Release|Any CPU
		{CF88946B-613D-4BD5-95CC-06C8AB6B2BB2}.Release|x64.Build.0 = Release|Any CPU
		{CF88946B-613D-4BD5-95CC-06C8AB6B2BB2}.Release|x86.ActiveCfg = Release|Any CPU
		{CF88946B-613D-4BD5-95CC-06C8AB6B2BB2}.Release|x86.Build.0 = Release|Any CPU
		{9CC9218C-3AD2-4729-913F-F0FF02DF6F19}.Debug|Any CPU.ActiveCfg = Debug|Any CPU
		{9CC9218C-3AD2-4729-913F-F0FF02DF6F19}.Debug|Any CPU.Build.0 = Debug|Any CPU
		{9CC9218C-3AD2-4729-913F-F0FF02DF6F19}.Debug|ARM64.ActiveCfg = Debug|Any CPU
		{9CC9218C-3AD2-4729-913F-F0FF02DF6F19}.Debug|ARM64.Build.0 = Debug|Any CPU
		{9CC9218C-3AD2-4729-913F-F0FF02DF6F19}.Debug|x64.ActiveCfg = Debug|Any CPU
		{9CC9218C-3AD2-4729-913F-F0FF02DF6F19}.Debug|x64.Build.0 = Debug|Any CPU
		{9CC9218C-3AD2-4729-913F-F0FF02DF6F19}.Debug|x86.ActiveCfg = Debug|Any CPU
		{9CC9218C-3AD2-4729-913F-F0FF02DF6F19}.Debug|x86.Build.0 = Debug|Any CPU
		{9CC9218C-3AD2-4729-913F-F0FF02DF6F19}.Demo|Any CPU.ActiveCfg = Release|Any CPU
		{9CC9218C-3AD2-4729-913F-F0FF02DF6F19}.Demo|ARM64.ActiveCfg = Release|Any CPU
		{9CC9218C-3AD2-4729-913F-F0FF02DF6F19}.Demo|ARM64.Build.0 = Release|Any CPU
		{9CC9218C-3AD2-4729-913F-F0FF02DF6F19}.Demo|x64.ActiveCfg = Release|Any CPU
		{9CC9218C-3AD2-4729-913F-F0FF02DF6F19}.Demo|x64.Build.0 = Release|Any CPU
		{9CC9218C-3AD2-4729-913F-F0FF02DF6F19}.Demo|x86.ActiveCfg = Release|Any CPU
		{9CC9218C-3AD2-4729-913F-F0FF02DF6F19}.Demo|x86.Build.0 = Release|Any CPU
		{9CC9218C-3AD2-4729-913F-F0FF02DF6F19}.Release|Any CPU.ActiveCfg = Release|Any CPU
		{9CC9218C-3AD2-4729-913F-F0FF02DF6F19}.Release|ARM64.ActiveCfg = Release|Any CPU
		{9CC9218C-3AD2-4729-913F-F0FF02DF6F19}.Release|ARM64.Build.0 = Release|Any CPU
		{9CC9218C-3AD2-4729-913F-F0FF02DF6F19}.Release|x64.ActiveCfg = Release|Any CPU
		{9CC9218C-3AD2-4729-913F-F0FF02DF6F19}.Release|x64.Build.0 = Release|Any CPU
		{9CC9218C-3AD2-4729-913F-F0FF02DF6F19}.Release|x86.ActiveCfg = Release|Any CPU
		{9CC9218C-3AD2-4729-913F-F0FF02DF6F19}.Release|x86.Build.0 = Release|Any CPU
		{20699A84-CE83-46B1-991F-44C19F57A854}.Debug|Any CPU.ActiveCfg = Debug|Any CPU
		{20699A84-CE83-46B1-991F-44C19F57A854}.Debug|Any CPU.Build.0 = Debug|Any CPU
		{20699A84-CE83-46B1-991F-44C19F57A854}.Debug|ARM64.ActiveCfg = Debug|Any CPU
		{20699A84-CE83-46B1-991F-44C19F57A854}.Debug|ARM64.Build.0 = Debug|Any CPU
		{20699A84-CE83-46B1-991F-44C19F57A854}.Debug|x64.ActiveCfg = Debug|Any CPU
		{20699A84-CE83-46B1-991F-44C19F57A854}.Debug|x64.Build.0 = Debug|Any CPU
		{20699A84-CE83-46B1-991F-44C19F57A854}.Debug|x86.ActiveCfg = Debug|Any CPU
		{20699A84-CE83-46B1-991F-44C19F57A854}.Debug|x86.Build.0 = Debug|Any CPU
		{20699A84-CE83-46B1-991F-44C19F57A854}.Demo|Any CPU.ActiveCfg = Release|Any CPU
		{20699A84-CE83-46B1-991F-44C19F57A854}.Demo|ARM64.ActiveCfg = Release|Any CPU
		{20699A84-CE83-46B1-991F-44C19F57A854}.Demo|ARM64.Build.0 = Release|Any CPU
		{20699A84-CE83-46B1-991F-44C19F57A854}.Demo|x64.ActiveCfg = Release|Any CPU
		{20699A84-CE83-46B1-991F-44C19F57A854}.Demo|x64.Build.0 = Release|Any CPU
		{20699A84-CE83-46B1-991F-44C19F57A854}.Demo|x86.ActiveCfg = Release|Any CPU
		{20699A84-CE83-46B1-991F-44C19F57A854}.Demo|x86.Build.0 = Release|Any CPU
		{20699A84-CE83-46B1-991F-44C19F57A854}.Release|Any CPU.ActiveCfg = Release|Any CPU
		{20699A84-CE83-46B1-991F-44C19F57A854}.Release|Any CPU.Build.0 = Release|Any CPU
		{20699A84-CE83-46B1-991F-44C19F57A854}.Release|ARM64.ActiveCfg = Release|Any CPU
		{20699A84-CE83-46B1-991F-44C19F57A854}.Release|ARM64.Build.0 = Release|Any CPU
		{20699A84-CE83-46B1-991F-44C19F57A854}.Release|x64.ActiveCfg = Release|Any CPU
		{20699A84-CE83-46B1-991F-44C19F57A854}.Release|x64.Build.0 = Release|Any CPU
		{20699A84-CE83-46B1-991F-44C19F57A854}.Release|x86.ActiveCfg = Release|Any CPU
		{20699A84-CE83-46B1-991F-44C19F57A854}.Release|x86.Build.0 = Release|Any CPU
		{2AAFB2D1-B83D-CD20-8C64-FA7DC452288E}.Debug|Any CPU.ActiveCfg = Debug|Any CPU
		{2AAFB2D1-B83D-CD20-8C64-FA7DC452288E}.Debug|Any CPU.Build.0 = Debug|Any CPU
		{2AAFB2D1-B83D-CD20-8C64-FA7DC452288E}.Debug|ARM64.ActiveCfg = Debug|Any CPU
		{2AAFB2D1-B83D-CD20-8C64-FA7DC452288E}.Debug|ARM64.Build.0 = Debug|Any CPU
		{2AAFB2D1-B83D-CD20-8C64-FA7DC452288E}.Debug|x64.ActiveCfg = Debug|Any CPU
		{2AAFB2D1-B83D-CD20-8C64-FA7DC452288E}.Debug|x64.Build.0 = Debug|Any CPU
		{2AAFB2D1-B83D-CD20-8C64-FA7DC452288E}.Debug|x86.ActiveCfg = Debug|Any CPU
		{2AAFB2D1-B83D-CD20-8C64-FA7DC452288E}.Debug|x86.Build.0 = Debug|Any CPU
		{2AAFB2D1-B83D-CD20-8C64-FA7DC452288E}.Demo|Any CPU.ActiveCfg = Demo|Any CPU
		{2AAFB2D1-B83D-CD20-8C64-FA7DC452288E}.Demo|ARM64.ActiveCfg = Demo|Any CPU
		{2AAFB2D1-B83D-CD20-8C64-FA7DC452288E}.Demo|ARM64.Build.0 = Demo|Any CPU
		{2AAFB2D1-B83D-CD20-8C64-FA7DC452288E}.Demo|x64.ActiveCfg = Demo|Any CPU
		{2AAFB2D1-B83D-CD20-8C64-FA7DC452288E}.Demo|x64.Build.0 = Demo|Any CPU
		{2AAFB2D1-B83D-CD20-8C64-FA7DC452288E}.Demo|x86.ActiveCfg = Demo|Any CPU
		{2AAFB2D1-B83D-CD20-8C64-FA7DC452288E}.Demo|x86.Build.0 = Demo|Any CPU
		{2AAFB2D1-B83D-CD20-8C64-FA7DC452288E}.Release|Any CPU.ActiveCfg = Release|Any CPU
		{2AAFB2D1-B83D-CD20-8C64-FA7DC452288E}.Release|Any CPU.Build.0 = Release|Any CPU
		{2AAFB2D1-B83D-CD20-8C64-FA7DC452288E}.Release|ARM64.ActiveCfg = Release|Any CPU
		{2AAFB2D1-B83D-CD20-8C64-FA7DC452288E}.Release|ARM64.Build.0 = Release|Any CPU
		{2AAFB2D1-B83D-CD20-8C64-FA7DC452288E}.Release|x64.ActiveCfg = Release|Any CPU
		{2AAFB2D1-B83D-CD20-8C64-FA7DC452288E}.Release|x64.Build.0 = Release|Any CPU
		{2AAFB2D1-B83D-CD20-8C64-FA7DC452288E}.Release|x86.ActiveCfg = Release|Any CPU
		{2AAFB2D1-B83D-CD20-8C64-FA7DC452288E}.Release|x86.Build.0 = Release|Any CPU
		{E49461BB-87CC-8518-F88C-7003737DB3EB}.Debug|Any CPU.ActiveCfg = Debug|Any CPU
		{E49461BB-87CC-8518-F88C-7003737DB3EB}.Debug|Any CPU.Build.0 = Debug|Any CPU
		{E49461BB-87CC-8518-F88C-7003737DB3EB}.Debug|ARM64.ActiveCfg = Debug|Any CPU
		{E49461BB-87CC-8518-F88C-7003737DB3EB}.Debug|ARM64.Build.0 = Debug|Any CPU
		{E49461BB-87CC-8518-F88C-7003737DB3EB}.Debug|x64.ActiveCfg = Debug|Any CPU
		{E49461BB-87CC-8518-F88C-7003737DB3EB}.Debug|x64.Build.0 = Debug|Any CPU
		{E49461BB-87CC-8518-F88C-7003737DB3EB}.Debug|x86.ActiveCfg = Debug|Any CPU
		{E49461BB-87CC-8518-F88C-7003737DB3EB}.Debug|x86.Build.0 = Debug|Any CPU
		{E49461BB-87CC-8518-F88C-7003737DB3EB}.Demo|Any CPU.ActiveCfg = Release|Any CPU
		{E49461BB-87CC-8518-F88C-7003737DB3EB}.Demo|ARM64.ActiveCfg = Release|Any CPU
		{E49461BB-87CC-8518-F88C-7003737DB3EB}.Demo|ARM64.Build.0 = Release|Any CPU
		{E49461BB-87CC-8518-F88C-7003737DB3EB}.Demo|x64.ActiveCfg = Release|Any CPU
		{E49461BB-87CC-8518-F88C-7003737DB3EB}.Demo|x64.Build.0 = Release|Any CPU
		{E49461BB-87CC-8518-F88C-7003737DB3EB}.Demo|x86.ActiveCfg = Release|Any CPU
		{E49461BB-87CC-8518-F88C-7003737DB3EB}.Demo|x86.Build.0 = Release|Any CPU
		{E49461BB-87CC-8518-F88C-7003737DB3EB}.Release|Any CPU.ActiveCfg = Release|Any CPU
		{E49461BB-87CC-8518-F88C-7003737DB3EB}.Release|ARM64.ActiveCfg = Release|Any CPU
		{E49461BB-87CC-8518-F88C-7003737DB3EB}.Release|ARM64.Build.0 = Release|Any CPU
		{E49461BB-87CC-8518-F88C-7003737DB3EB}.Release|x64.ActiveCfg = Release|Any CPU
		{E49461BB-87CC-8518-F88C-7003737DB3EB}.Release|x64.Build.0 = Release|Any CPU
		{E49461BB-87CC-8518-F88C-7003737DB3EB}.Release|x86.ActiveCfg = Release|Any CPU
		{E49461BB-87CC-8518-F88C-7003737DB3EB}.Release|x86.Build.0 = Release|Any CPU
		{B0D6D90A-6CAC-4112-D9AA-62C18F944BDA}.Debug|Any CPU.ActiveCfg = Debug|Any CPU
		{B0D6D90A-6CAC-4112-D9AA-62C18F944BDA}.Debug|Any CPU.Build.0 = Debug|Any CPU
		{B0D6D90A-6CAC-4112-D9AA-62C18F944BDA}.Debug|ARM64.ActiveCfg = Debug|Any CPU
		{B0D6D90A-6CAC-4112-D9AA-62C18F944BDA}.Debug|ARM64.Build.0 = Debug|Any CPU
		{B0D6D90A-6CAC-4112-D9AA-62C18F944BDA}.Debug|x64.ActiveCfg = Debug|Any CPU
		{B0D6D90A-6CAC-4112-D9AA-62C18F944BDA}.Debug|x64.Build.0 = Debug|Any CPU
		{B0D6D90A-6CAC-4112-D9AA-62C18F944BDA}.Debug|x86.ActiveCfg = Debug|Any CPU
		{B0D6D90A-6CAC-4112-D9AA-62C18F944BDA}.Debug|x86.Build.0 = Debug|Any CPU
		{B0D6D90A-6CAC-4112-D9AA-62C18F944BDA}.Demo|Any CPU.ActiveCfg = Release|Any CPU
		{B0D6D90A-6CAC-4112-D9AA-62C18F944BDA}.Demo|ARM64.ActiveCfg = Release|Any CPU
		{B0D6D90A-6CAC-4112-D9AA-62C18F944BDA}.Demo|ARM64.Build.0 = Release|Any CPU
		{B0D6D90A-6CAC-4112-D9AA-62C18F944BDA}.Demo|x64.ActiveCfg = Release|Any CPU
		{B0D6D90A-6CAC-4112-D9AA-62C18F944BDA}.Demo|x64.Build.0 = Release|Any CPU
		{B0D6D90A-6CAC-4112-D9AA-62C18F944BDA}.Demo|x86.ActiveCfg = Release|Any CPU
		{B0D6D90A-6CAC-4112-D9AA-62C18F944BDA}.Demo|x86.Build.0 = Release|Any CPU
		{B0D6D90A-6CAC-4112-D9AA-62C18F944BDA}.Release|Any CPU.ActiveCfg = Release|Any CPU
		{B0D6D90A-6CAC-4112-D9AA-62C18F944BDA}.Release|ARM64.ActiveCfg = Release|Any CPU
		{B0D6D90A-6CAC-4112-D9AA-62C18F944BDA}.Release|ARM64.Build.0 = Release|Any CPU
		{B0D6D90A-6CAC-4112-D9AA-62C18F944BDA}.Release|x64.ActiveCfg = Release|Any CPU
		{B0D6D90A-6CAC-4112-D9AA-62C18F944BDA}.Release|x64.Build.0 = Release|Any CPU
		{B0D6D90A-6CAC-4112-D9AA-62C18F944BDA}.Release|x86.ActiveCfg = Release|Any CPU
		{B0D6D90A-6CAC-4112-D9AA-62C18F944BDA}.Release|x86.Build.0 = Release|Any CPU
		{DDBBC25F-4780-4170-8B92-F66F851E6C4E}.Debug|Any CPU.ActiveCfg = Debug|Any CPU
		{DDBBC25F-4780-4170-8B92-F66F851E6C4E}.Debug|ARM64.ActiveCfg = Debug|Any CPU
		{DDBBC25F-4780-4170-8B92-F66F851E6C4E}.Debug|ARM64.Build.0 = Debug|Any CPU
		{DDBBC25F-4780-4170-8B92-F66F851E6C4E}.Debug|x64.ActiveCfg = Debug|Any CPU
		{DDBBC25F-4780-4170-8B92-F66F851E6C4E}.Debug|x64.Build.0 = Debug|Any CPU
		{DDBBC25F-4780-4170-8B92-F66F851E6C4E}.Debug|x86.ActiveCfg = Debug|Any CPU
		{DDBBC25F-4780-4170-8B92-F66F851E6C4E}.Debug|x86.Build.0 = Debug|Any CPU
		{DDBBC25F-4780-4170-8B92-F66F851E6C4E}.Demo|Any CPU.ActiveCfg = Release|Any CPU
		{DDBBC25F-4780-4170-8B92-F66F851E6C4E}.Demo|ARM64.ActiveCfg = Release|Any CPU
		{DDBBC25F-4780-4170-8B92-F66F851E6C4E}.Demo|ARM64.Build.0 = Release|Any CPU
		{DDBBC25F-4780-4170-8B92-F66F851E6C4E}.Demo|x64.ActiveCfg = Release|Any CPU
		{DDBBC25F-4780-4170-8B92-F66F851E6C4E}.Demo|x64.Build.0 = Release|Any CPU
		{DDBBC25F-4780-4170-8B92-F66F851E6C4E}.Demo|x86.ActiveCfg = Release|Any CPU
		{DDBBC25F-4780-4170-8B92-F66F851E6C4E}.Demo|x86.Build.0 = Release|Any CPU
		{DDBBC25F-4780-4170-8B92-F66F851E6C4E}.Release|Any CPU.ActiveCfg = Release|Any CPU
		{DDBBC25F-4780-4170-8B92-F66F851E6C4E}.Release|Any CPU.Build.0 = Release|Any CPU
		{DDBBC25F-4780-4170-8B92-F66F851E6C4E}.Release|ARM64.ActiveCfg = Release|Any CPU
		{DDBBC25F-4780-4170-8B92-F66F851E6C4E}.Release|ARM64.Build.0 = Release|Any CPU
		{DDBBC25F-4780-4170-8B92-F66F851E6C4E}.Release|x64.ActiveCfg = Release|Any CPU
		{DDBBC25F-4780-4170-8B92-F66F851E6C4E}.Release|x64.Build.0 = Release|Any CPU
		{DDBBC25F-4780-4170-8B92-F66F851E6C4E}.Release|x86.ActiveCfg = Release|Any CPU
		{DDBBC25F-4780-4170-8B92-F66F851E6C4E}.Release|x86.Build.0 = Release|Any CPU
		{CB6E5864-C974-BAAE-ED62-D9ECF1CD6A97}.Debug|Any CPU.ActiveCfg = Debug|x64
		{CB6E5864-C974-BAAE-ED62-D9ECF1CD6A97}.Debug|Any CPU.Build.0 = Debug|x64
		{CB6E5864-C974-BAAE-ED62-D9ECF1CD6A97}.Debug|ARM64.ActiveCfg = Debug|ARM64
		{CB6E5864-C974-BAAE-ED62-D9ECF1CD6A97}.Debug|ARM64.Build.0 = Debug|ARM64
		{CB6E5864-C974-BAAE-ED62-D9ECF1CD6A97}.Debug|x64.ActiveCfg = Debug|x64
		{CB6E5864-C974-BAAE-ED62-D9ECF1CD6A97}.Debug|x64.Build.0 = Debug|x64
		{CB6E5864-C974-BAAE-ED62-D9ECF1CD6A97}.Debug|x86.ActiveCfg = Debug|x86
		{CB6E5864-C974-BAAE-ED62-D9ECF1CD6A97}.Debug|x86.Build.0 = Debug|x86
		{CB6E5864-C974-BAAE-ED62-D9ECF1CD6A97}.Demo|Any CPU.ActiveCfg = Demo|x64
		{CB6E5864-C974-BAAE-ED62-D9ECF1CD6A97}.Demo|Any CPU.Build.0 = Demo|x64
		{CB6E5864-C974-BAAE-ED62-D9ECF1CD6A97}.Demo|ARM64.ActiveCfg = Demo|ARM64
		{CB6E5864-C974-BAAE-ED62-D9ECF1CD6A97}.Demo|ARM64.Build.0 = Demo|ARM64
		{CB6E5864-C974-BAAE-ED62-D9ECF1CD6A97}.Demo|x64.ActiveCfg = Demo|x64
		{CB6E5864-C974-BAAE-ED62-D9ECF1CD6A97}.Demo|x64.Build.0 = Demo|x64
		{CB6E5864-C974-BAAE-ED62-D9ECF1CD6A97}.Demo|x86.ActiveCfg = Demo|x86
		{CB6E5864-C974-BAAE-ED62-D9ECF1CD6A97}.Demo|x86.Build.0 = Demo|x86
		{CB6E5864-C974-BAAE-ED62-D9ECF1CD6A97}.Release|Any CPU.ActiveCfg = Release|x64
		{CB6E5864-C974-BAAE-ED62-D9ECF1CD6A97}.Release|Any CPU.Build.0 = Release|x64
		{CB6E5864-C974-BAAE-ED62-D9ECF1CD6A97}.Release|ARM64.ActiveCfg = Release|ARM64
		{CB6E5864-C974-BAAE-ED62-D9ECF1CD6A97}.Release|ARM64.Build.0 = Release|ARM64
		{CB6E5864-C974-BAAE-ED62-D9ECF1CD6A97}.Release|x64.ActiveCfg = Release|x64
		{CB6E5864-C974-BAAE-ED62-D9ECF1CD6A97}.Release|x64.Build.0 = Release|x64
		{CB6E5864-C974-BAAE-ED62-D9ECF1CD6A97}.Release|x86.ActiveCfg = Release|x86
		{CB6E5864-C974-BAAE-ED62-D9ECF1CD6A97}.Release|x86.Build.0 = Release|x86
	EndGlobalSection
	GlobalSection(SolutionProperties) = preSolution
		HideSolutionNode = FALSE
	EndGlobalSection
	GlobalSection(ExtensibilityGlobals) = postSolution
		SolutionGuid = {31264ABB-173F-4351-BAC0-3892920B1E60}
	EndGlobalSection
EndGlobal
